// !$*UTF8*$!
{
	archiveVersion = 1;
	classes = {
	};
	objectVersion = 56;
	objects = {

/* Begin PBXBuildFile section */
		0700F2AF29CE8AFB00D9A0DB /* DetailViewController.swift in Sources */ = {isa = PBXBuildFile; fileRef = 0700F2AE29CE8AFB00D9A0DB /* DetailViewController.swift */; };
		0796039A29CD79FE00B206FC /* UIImageView+DownloadImage.swift in Sources */ = {isa = PBXBuildFile; fileRef = 0796039929CD79FE00B206FC /* UIImageView+DownloadImage.swift */; };
		07A2A9C829D7A7FD00F639DA /* GradientView.swift in Sources */ = {isa = PBXBuildFile; fileRef = 07A2A9C729D7A7FD00F639DA /* GradientView.swift */; };
		07A2A9CA29D7E2BD00F639DA /* BounceAnimationController.swift in Sources */ = {isa = PBXBuildFile; fileRef = 07A2A9C929D7E2BD00F639DA /* BounceAnimationController.swift */; };
		07A2A9CC29D8040800F639DA /* SlideOutAnimationController.swift in Sources */ = {isa = PBXBuildFile; fileRef = 07A2A9CB29D8040800F639DA /* SlideOutAnimationController.swift */; };
		07A399D929BA61A000E18D5D /* SearchResultCell.swift in Sources */ = {isa = PBXBuildFile; fileRef = 07A399D829BA61A000E18D5D /* SearchResultCell.swift */; };
		07A399DB29BA6B0C00E18D5D /* NothingFoundCell.xib in Resources */ = {isa = PBXBuildFile; fileRef = 07A399DA29BA6B0C00E18D5D /* NothingFoundCell.xib */; };
		07D4A98E29C803CA000CE401 /* LoadingCell.xib in Resources */ = {isa = PBXBuildFile; fileRef = 07D4A98D29C803CA000CE401 /* LoadingCell.xib */; };
		07DEA33629B96A8D0025C9B5 /* SearchResult.swift in Sources */ = {isa = PBXBuildFile; fileRef = 07DEA33529B96A8D0025C9B5 /* SearchResult.swift */; };
		07DEA33829B99D630025C9B5 /* SearchResultCell.xib in Resources */ = {isa = PBXBuildFile; fileRef = 07DEA33729B99D630025C9B5 /* SearchResultCell.xib */; };
		07FFBE0829B81C65000B998E /* AppDelegate.swift in Sources */ = {isa = PBXBuildFile; fileRef = 07FFBE0729B81C65000B998E /* AppDelegate.swift */; };
		07FFBE0A29B81C66000B998E /* SceneDelegate.swift in Sources */ = {isa = PBXBuildFile; fileRef = 07FFBE0929B81C66000B998E /* SceneDelegate.swift */; };
		07FFBE0C29B81C66000B998E /* SearchViewController.swift in Sources */ = {isa = PBXBuildFile; fileRef = 07FFBE0B29B81C66000B998E /* SearchViewController.swift */; };
		07FFBE0F29B81C66000B998E /* Main.storyboard in Resources */ = {isa = PBXBuildFile; fileRef = 07FFBE0D29B81C66000B998E /* Main.storyboard */; };
		07FFBE1229B81C66000B998E /* StoreSearch.xcdatamodeld in Sources */ = {isa = PBXBuildFile; fileRef = 07FFBE1029B81C66000B998E /* StoreSearch.xcdatamodeld */; };
		07FFBE1429B81C6A000B998E /* Assets.xcassets in Resources */ = {isa = PBXBuildFile; fileRef = 07FFBE1329B81C6A000B998E /* Assets.xcassets */; };
/* End PBXBuildFile section */

/* Begin PBXFileReference section */
		0700F2AE29CE8AFB00D9A0DB /* DetailViewController.swift */ = {isa = PBXFileReference; lastKnownFileType = sourcecode.swift; path = DetailViewController.swift; sourceTree = "<group>"; };
		0796039929CD79FE00B206FC /* UIImageView+DownloadImage.swift */ = {isa = PBXFileReference; lastKnownFileType = sourcecode.swift; path = "UIImageView+DownloadImage.swift"; sourceTree = "<group>"; };
		07A2A9C729D7A7FD00F639DA /* GradientView.swift */ = {isa = PBXFileReference; lastKnownFileType = sourcecode.swift; path = GradientView.swift; sourceTree = "<group>"; };
		07A2A9C929D7E2BD00F639DA /* BounceAnimationController.swift */ = {isa = PBXFileReference; lastKnownFileType = sourcecode.swift; path = BounceAnimationController.swift; sourceTree = "<group>"; };
		07A2A9CB29D8040800F639DA /* SlideOutAnimationController.swift */ = {isa = PBXFileReference; lastKnownFileType = sourcecode.swift; path = SlideOutAnimationController.swift; sourceTree = "<group>"; };
		07A399D829BA61A000E18D5D /* SearchResultCell.swift */ = {isa = PBXFileReference; lastKnownFileType = sourcecode.swift; path = SearchResultCell.swift; sourceTree = "<group>"; };
		07A399DA29BA6B0C00E18D5D /* NothingFoundCell.xib */ = {isa = PBXFileReference; lastKnownFileType = file.xib; path = NothingFoundCell.xib; sourceTree = "<group>"; };
		07D4A98D29C803CA000CE401 /* LoadingCell.xib */ = {isa = PBXFileReference; lastKnownFileType = file.xib; path = LoadingCell.xib; sourceTree = "<group>"; };
		07DEA33529B96A8D0025C9B5 /* SearchResult.swift */ = {isa = PBXFileReference; lastKnownFileType = sourcecode.swift; path = SearchResult.swift; sourceTree = "<group>"; };
		07DEA33729B99D630025C9B5 /* SearchResultCell.xib */ = {isa = PBXFileReference; lastKnownFileType = file.xib; path = SearchResultCell.xib; sourceTree = "<group>"; };
		07FFBE0429B81C65000B998E /* StoreSearch.app */ = {isa = PBXFileReference; explicitFileType = wrapper.application; includeInIndex = 0; path = StoreSearch.app; sourceTree = BUILT_PRODUCTS_DIR; };
		07FFBE0729B81C65000B998E /* AppDelegate.swift */ = {isa = PBXFileReference; lastKnownFileType = sourcecode.swift; path = AppDelegate.swift; sourceTree = "<group>"; };
		07FFBE0929B81C66000B998E /* SceneDelegate.swift */ = {isa = PBXFileReference; lastKnownFileType = sourcecode.swift; path = SceneDelegate.swift; sourceTree = "<group>"; };
		07FFBE0B29B81C66000B998E /* SearchViewController.swift */ = {isa = PBXFileReference; lastKnownFileType = sourcecode.swift; path = SearchViewController.swift; sourceTree = "<group>"; };
		07FFBE0E29B81C66000B998E /* Base */ = {isa = PBXFileReference; lastKnownFileType = file.storyboard; name = Base; path = Base.lproj/Main.storyboard; sourceTree = "<group>"; };
		07FFBE1129B81C66000B998E /* StoreSearch.xcdatamodel */ = {isa = PBXFileReference; lastKnownFileType = wrapper.xcdatamodel; path = StoreSearch.xcdatamodel; sourceTree = "<group>"; };
		07FFBE1329B81C6A000B998E /* Assets.xcassets */ = {isa = PBXFileReference; lastKnownFileType = folder.assetcatalog; path = Assets.xcassets; sourceTree = "<group>"; };
		07FFBE1829B81C6A000B998E /* Info.plist */ = {isa = PBXFileReference; lastKnownFileType = text.plist.xml; path = Info.plist; sourceTree = "<group>"; };
/* End PBXFileReference section */

/* Begin PBXFrameworksBuildPhase section */
		07FFBE0129B81C65000B998E /* Frameworks */ = {
			isa = PBXFrameworksBuildPhase;
			buildActionMask = 2147483647;
			files = (
			);
			runOnlyForDeploymentPostprocessing = 0;
		};
/* End PBXFrameworksBuildPhase section */

/* Begin PBXGroup section */
		07FFBDFB29B81C65000B998E = {
			isa = PBXGroup;
			children = (
				07FFBE0629B81C65000B998E /* StoreSearch */,
				07FFBE0529B81C65000B998E /* Products */,
			);
			sourceTree = "<group>";
		};
		07FFBE0529B81C65000B998E /* Products */ = {
			isa = PBXGroup;
			children = (
				07FFBE0429B81C65000B998E /* StoreSearch.app */,
			);
			name = Products;
			sourceTree = "<group>";
		};
		07FFBE0629B81C65000B998E /* StoreSearch */ = {
			isa = PBXGroup;
			children = (
				07FFBE0729B81C65000B998E /* AppDelegate.swift */,
				07FFBE0929B81C66000B998E /* SceneDelegate.swift */,
				07FFBE0B29B81C66000B998E /* SearchViewController.swift */,
				07FFBE0D29B81C66000B998E /* Main.storyboard */,
				07FFBE1329B81C6A000B998E /* Assets.xcassets */,
				07FFBE1829B81C6A000B998E /* Info.plist */,
				07FFBE1029B81C66000B998E /* StoreSearch.xcdatamodeld */,
				07DEA33529B96A8D0025C9B5 /* SearchResult.swift */,
				07DEA33729B99D630025C9B5 /* SearchResultCell.xib */,
				07A399D829BA61A000E18D5D /* SearchResultCell.swift */,
				07A399DA29BA6B0C00E18D5D /* NothingFoundCell.xib */,
				07D4A98D29C803CA000CE401 /* LoadingCell.xib */,
				0796039929CD79FE00B206FC /* UIImageView+DownloadImage.swift */,
				0700F2AE29CE8AFB00D9A0DB /* DetailViewController.swift */,
				07A2A9C729D7A7FD00F639DA /* GradientView.swift */,
				07A2A9C929D7E2BD00F639DA /* BounceAnimationController.swift */,
				07A2A9CB29D8040800F639DA /* SlideOutAnimationController.swift */,
			);
			path = StoreSearch;
			sourceTree = "<group>";
		};
/* End PBXGroup section */

/* Begin PBXNativeTarget section */
		07FFBE0329B81C65000B998E /* StoreSearch */ = {
			isa = PBXNativeTarget;
			buildConfigurationList = 07FFBE1B29B81C6A000B998E /* Build configuration list for PBXNativeTarget "StoreSearch" */;
			buildPhases = (
				07FFBE0029B81C65000B998E /* Sources */,
				07FFBE0129B81C65000B998E /* Frameworks */,
				07FFBE0229B81C65000B998E /* Resources */,
			);
			buildRules = (
			);
			dependencies = (
			);
			name = StoreSearch;
			productName = StoreSearch;
			productReference = 07FFBE0429B81C65000B998E /* StoreSearch.app */;
			productType = "com.apple.product-type.application";
		};
/* End PBXNativeTarget section */

/* Begin PBXProject section */
		07FFBDFC29B81C65000B998E /* Project object */ = {
			isa = PBXProject;
			attributes = {
				BuildIndependentTargetsInParallel = 1;
				LastSwiftUpdateCheck = 1420;
				LastUpgradeCheck = 1420;
				TargetAttributes = {
					07FFBE0329B81C65000B998E = {
						CreatedOnToolsVersion = 14.2;
					};
				};
			};
			buildConfigurationList = 07FFBDFF29B81C65000B998E /* Build configuration list for PBXProject "StoreSearch" */;
			compatibilityVersion = "Xcode 14.0";
			developmentRegion = en;
			hasScannedForEncodings = 0;
			knownRegions = (
				en,
				Base,
			);
			mainGroup = 07FFBDFB29B81C65000B998E;
			productRefGroup = 07FFBE0529B81C65000B998E /* Products */;
			projectDirPath = "";
			projectRoot = "";
			targets = (
				07FFBE0329B81C65000B998E /* StoreSearch */,
			);
		};
/* End PBXProject section */

/* Begin PBXResourcesBuildPhase section */
		07FFBE0229B81C65000B998E /* Resources */ = {
			isa = PBXResourcesBuildPhase;
			buildActionMask = 2147483647;
			files = (
				07FFBE1429B81C6A000B998E /* Assets.xcassets in Resources */,
				07D4A98E29C803CA000CE401 /* LoadingCell.xib in Resources */,
				07DEA33829B99D630025C9B5 /* SearchResultCell.xib in Resources */,
				07A399DB29BA6B0C00E18D5D /* NothingFoundCell.xib in Resources */,
				07FFBE0F29B81C66000B998E /* Main.storyboard in Resources */,
			);
			runOnlyForDeploymentPostprocessing = 0;
		};
/* End PBXResourcesBuildPhase section */

/* Begin PBXSourcesBuildPhase section */
		07FFBE0029B81C65000B998E /* Sources */ = {
			isa = PBXSourcesBuildPhase;
			buildActionMask = 2147483647;
			files = (
				0796039A29CD79FE00B206FC /* UIImageView+DownloadImage.swift in Sources */,
				07FFBE0C29B81C66000B998E /* SearchViewController.swift in Sources */,
				07FFBE0829B81C65000B998E /* AppDelegate.swift in Sources */,
				07DEA33629B96A8D0025C9B5 /* SearchResult.swift in Sources */,
				07A2A9CA29D7E2BD00F639DA /* BounceAnimationController.swift in Sources */,
				07FFBE0A29B81C66000B998E /* SceneDelegate.swift in Sources */,
				07A399D929BA61A000E18D5D /* SearchResultCell.swift in Sources */,
				07FFBE1229B81C66000B998E /* StoreSearch.xcdatamodeld in Sources */,
				07A2A9CC29D8040800F639DA /* SlideOutAnimationController.swift in Sources */,
				0700F2AF29CE8AFB00D9A0DB /* DetailViewController.swift in Sources */,
				07A2A9C829D7A7FD00F639DA /* GradientView.swift in Sources */,
			);
			runOnlyForDeploymentPostprocessing = 0;
		};
/* End PBXSourcesBuildPhase section */

/* Begin PBXVariantGroup section */
		07FFBE0D29B81C66000B998E /* Main.storyboard */ = {
			isa = PBXVariantGroup;
			children = (
				07FFBE0E29B81C66000B998E /* Base */,
			);
			name = Main.storyboard;
			sourceTree = "<group>";
		};
/* End PBXVariantGroup section */

/* Begin XCBuildConfiguration section */
		07FFBE1929B81C6A000B998E /* Debug */ = {
			isa = XCBuildConfiguration;
			buildSettings = {
				ALWAYS_SEARCH_USER_PATHS = NO;
				CLANG_ANALYZER_NONNULL = YES;
				CLANG_ANALYZER_NUMBER_OBJECT_CONVERSION = YES_AGGRESSIVE;
				CLANG_CXX_LANGUAGE_STANDARD = "gnu++20";
				CLANG_ENABLE_MODULES = YES;
				CLANG_ENABLE_OBJC_ARC = YES;
				CLANG_ENABLE_OBJC_WEAK = YES;
				CLANG_WARN_BLOCK_CAPTURE_AUTORELEASING = YES;
				CLANG_WARN_BOOL_CONVERSION = YES;
				CLANG_WARN_COMMA = YES;
				CLANG_WARN_CONSTANT_CONVERSION = YES;
				CLANG_WARN_DEPRECATED_OBJC_IMPLEMENTATIONS = YES;
				CLANG_WARN_DIRECT_OBJC_ISA_USAGE = YES_ERROR;
				CLANG_WARN_DOCUMENTATION_COMMENTS = YES;
				CLANG_WARN_EMPTY_BODY = YES;
				CLANG_WARN_ENUM_CONVERSION = YES;
				CLANG_WARN_INFINITE_RECURSION = YES;
				CLANG_WARN_INT_CONVERSION = YES;
				CLANG_WARN_NON_LITERAL_NULL_CONVERSION = YES;
				CLANG_WARN_OBJC_IMPLICIT_RETAIN_SELF = YES;
				CLANG_WARN_OBJC_LITERAL_CONVERSION = YES;
				CLANG_WARN_OBJC_ROOT_CLASS = YES_ERROR;
				CLANG_WARN_QUOTED_INCLUDE_IN_FRAMEWORK_HEADER = YES;
				CLANG_WARN_RANGE_LOOP_ANALYSIS = YES;
				CLANG_WARN_STRICT_PROTOTYPES = YES;
				CLANG_WARN_SUSPICIOUS_MOVE = YES;
				CLANG_WARN_UNGUARDED_AVAILABILITY = YES_AGGRESSIVE;
				CLANG_WARN_UNREACHABLE_CODE = YES;
				CLANG_WARN__DUPLICATE_METHOD_MATCH = YES;
				COPY_PHASE_STRIP = NO;
				DEBUG_INFORMATION_FORMAT = dwarf;
				ENABLE_STRICT_OBJC_MSGSEND = YES;
				ENABLE_TESTABILITY = YES;
				GCC_C_LANGUAGE_STANDARD = gnu11;
				GCC_DYNAMIC_NO_PIC = NO;
				GCC_NO_COMMON_BLOCKS = YES;
				GCC_OPTIMIZATION_LEVEL = 0;
				GCC_PREPROCESSOR_DEFINITIONS = (
					"DEBUG=1",
					"$(inherited)",
				);
				GCC_WARN_64_TO_32_BIT_CONVERSION = YES;
				GCC_WARN_ABOUT_RETURN_TYPE = YES_ERROR;
				GCC_WARN_UNDECLARED_SELECTOR = YES;
				GCC_WARN_UNINITIALIZED_AUTOS = YES_AGGRESSIVE;
				GCC_WARN_UNUSED_FUNCTION = YES;
				GCC_WARN_UNUSED_VARIABLE = YES;
				IPHONEOS_DEPLOYMENT_TARGET = 16.2;
				MTL_ENABLE_DEBUG_INFO = INCLUDE_SOURCE;
				MTL_FAST_MATH = YES;
				ONLY_ACTIVE_ARCH = YES;
				SDKROOT = iphoneos;
				SWIFT_ACTIVE_COMPILATION_CONDITIONS = DEBUG;
				SWIFT_OPTIMIZATION_LEVEL = "-Onone";
			};
			name = Debug;
		};
		07FFBE1A29B81C6A000B998E /* Release */ = {
			isa = XCBuildConfiguration;
			buildSettings = {
				ALWAYS_SEARCH_USER_PATHS = NO;
				CLANG_ANALYZER_NONNULL = YES;
				CLANG_ANALYZER_NUMBER_OBJECT_CONVERSION = YES_AGGRESSIVE;
				CLANG_CXX_LANGUAGE_STANDARD = "gnu++20";
				CLANG_ENABLE_MODULES = YES;
				CLANG_ENABLE_OBJC_ARC = YES;
				CLANG_ENABLE_OBJC_WEAK = YES;
				CLANG_WARN_BLOCK_CAPTURE_AUTORELEASING = YES;
				CLANG_WARN_BOOL_CONVERSION = YES;
				CLANG_WARN_COMMA = YES;
				CLANG_WARN_CONSTANT_CONVERSION = YES;
				CLANG_WARN_DEPRECATED_OBJC_IMPLEMENTATIONS = YES;
				CLANG_WARN_DIRECT_OBJC_ISA_USAGE = YES_ERROR;
				CLANG_WARN_DOCUMENTATION_COMMENTS = YES;
				CLANG_WARN_EMPTY_BODY = YES;
				CLANG_WARN_ENUM_CONVERSION = YES;
				CLANG_WARN_INFINITE_RECURSION = YES;
				CLANG_WARN_INT_CONVERSION = YES;
				CLANG_WARN_NON_LITERAL_NULL_CONVERSION = YES;
				CLANG_WARN_OBJC_IMPLICIT_RETAIN_SELF = YES;
				CLANG_WARN_OBJC_LITERAL_CONVERSION = YES;
				CLANG_WARN_OBJC_ROOT_CLASS = YES_ERROR;
				CLANG_WARN_QUOTED_INCLUDE_IN_FRAMEWORK_HEADER = YES;
				CLANG_WARN_RANGE_LOOP_ANALYSIS = YES;
				CLANG_WARN_STRICT_PROTOTYPES = YES;
				CLANG_WARN_SUSPICIOUS_MOVE = YES;
				CLANG_WARN_UNGUARDED_AVAILABILITY = YES_AGGRESSIVE;
				CLANG_WARN_UNREACHABLE_CODE = YES;
				CLANG_WARN__DUPLICATE_METHOD_MATCH = YES;
				COPY_PHASE_STRIP = NO;
				DEBUG_INFORMATION_FORMAT = "dwarf-with-dsym";
				ENABLE_NS_ASSERTIONS = NO;
				ENABLE_STRICT_OBJC_MSGSEND = YES;
				GCC_C_LANGUAGE_STANDARD = gnu11;
				GCC_NO_COMMON_BLOCKS = YES;
				GCC_WARN_64_TO_32_BIT_CONVERSION = YES;
				GCC_WARN_ABOUT_RETURN_TYPE = YES_ERROR;
				GCC_WARN_UNDECLARED_SELECTOR = YES;
				GCC_WARN_UNINITIALIZED_AUTOS = YES_AGGRESSIVE;
				GCC_WARN_UNUSED_FUNCTION = YES;
				GCC_WARN_UNUSED_VARIABLE = YES;
				IPHONEOS_DEPLOYMENT_TARGET = 16.2;
				MTL_ENABLE_DEBUG_INFO = NO;
				MTL_FAST_MATH = YES;
				SDKROOT = iphoneos;
				SWIFT_COMPILATION_MODE = wholemodule;
				SWIFT_OPTIMIZATION_LEVEL = "-O";
				VALIDATE_PRODUCT = YES;
			};
			name = Release;
		};
		07FFBE1C29B81C6A000B998E /* Debug */ = {
			isa = XCBuildConfiguration;
			buildSettings = {
				ASSETCATALOG_COMPILER_APPICON_NAME = AppIcon;
				ASSETCATALOG_COMPILER_GLOBAL_ACCENT_COLOR_NAME = AccentColor;
				CODE_SIGN_STYLE = Automatic;
				CURRENT_PROJECT_VERSION = 1;
				DEVELOPMENT_TEAM = 2SQ8LT8BBA;
				GENERATE_INFOPLIST_FILE = YES;
				INFOPLIST_FILE = StoreSearch/Info.plist;
				INFOPLIST_KEY_UIApplicationSupportsIndirectInputEvents = YES;
				INFOPLIST_KEY_UILaunchStoryboardName = Main.storyboard;
				INFOPLIST_KEY_UIMainStoryboardFile = Main;
				INFOPLIST_KEY_UISupportedInterfaceOrientations_iPad = "UIInterfaceOrientationPortrait UIInterfaceOrientationPortraitUpsideDown UIInterfaceOrientationLandscapeLeft UIInterfaceOrientationLandscapeRight";
				INFOPLIST_KEY_UISupportedInterfaceOrientations_iPhone = "UIInterfaceOrientationPortrait UIInterfaceOrientationLandscapeLeft UIInterfaceOrientationLandscapeRight";
				LD_RUNPATH_SEARCH_PATHS = (
					"$(inherited)",
					"@executable_path/Frameworks",
				);
				MARKETING_VERSION = 1.0;
				PRODUCT_BUNDLE_IDENTIFIER = com.rigoberto.StoreSearch;
				PRODUCT_NAME = "$(TARGET_NAME)";
				SWIFT_EMIT_LOC_STRINGS = YES;
				SWIFT_VERSION = 5.0;
				TARGETED_DEVICE_FAMILY = "1,2";
			};
			name = Debug;
		};
		07FFBE1D29B81C6A000B998E /* Release */ = {
			isa = XCBuildConfiguration;
			buildSettings = {
				ASSETCATALOG_COMPILER_APPICON_NAME = AppIcon;
				ASSETCATALOG_COMPILER_GLOBAL_ACCENT_COLOR_NAME = AccentColor;
				CODE_SIGN_STYLE = Automatic;
				CURRENT_PROJECT_VERSION = 1;
				DEVELOPMENT_TEAM = 2SQ8LT8BBA;
				GENERATE_INFOPLIST_FILE = YES;
				INFOPLIST_FILE = StoreSearch/Info.plist;
				INFOPLIST_KEY_UIApplicationSupportsIndirectInputEvents = YES;
				INFOPLIST_KEY_UILaunchStoryboardName = Main.storyboard;
				INFOPLIST_KEY_UIMainStoryboardFile = Main;
				INFOPLIST_KEY_UISupportedInterfaceOrientations_iPad = "UIInterfaceOrientationPortrait UIInterfaceOrientationPortraitUpsideDown UIInterfaceOrientationLandscapeLeft UIInterfaceOrientationLandscapeRight";
				INFOPLIST_KEY_UISupportedInterfaceOrientations_iPhone = "UIInterfaceOrientationPortrait UIInterfaceOrientationLandscapeLeft UIInterfaceOrientationLandscapeRight";
				LD_RUNPATH_SEARCH_PATHS = (
					"$(inherited)",
					"@executable_path/Frameworks",
				);
				MARKETING_VERSION = 1.0;
				PRODUCT_BUNDLE_IDENTIFIER = com.rigoberto.StoreSearch;
				PRODUCT_NAME = "$(TARGET_NAME)";
				SWIFT_EMIT_LOC_STRINGS = YES;
				SWIFT_VERSION = 5.0;
				TARGETED_DEVICE_FAMILY = "1,2";
			};
			name = Release;
		};
/* End XCBuildConfiguration section */

/* Begin XCConfigurationList section */
		07FFBDFF29B81C65000B998E /* Build configuration list for PBXProject "StoreSearch" */ = {
			isa = XCConfigurationList;
			buildConfigurations = (
				07FFBE1929B81C6A000B998E /* Debug */,
				07FFBE1A29B81C6A000B998E /* Release */,
			);
			defaultConfigurationIsVisible = 0;
			defaultConfigurationName = Release;
		};
		07FFBE1B29B81C6A000B998E /* Build configuration list for PBXNativeTarget "StoreSearch" */ = {
			isa = XCConfigurationList;
			buildConfigurations = (
				07FFBE1C29B81C6A000B998E /* Debug */,
				07FFBE1D29B81C6A000B998E /* Release */,
			);
			defaultConfigurationIsVisible = 0;
			defaultConfigurationName = Release;
		};
/* End XCConfigurationList section */

/* Begin XCVersionGroup section */
		07FFBE1029B81C66000B998E /* StoreSearch.xcdatamodeld */ = {
			isa = XCVersionGroup;
			children = (
				07FFBE1129B81C66000B998E /* StoreSearch.xcdatamodel */,
			);
			currentVersion = 07FFBE1129B81C66000B998E /* StoreSearch.xcdatamodel */;
			path = StoreSearch.xcdatamodeld;
			sourceTree = "<group>";
			versionGroupType = wrapper.xcdatamodel;
		};
/* End XCVersionGroup section */
	};
	rootObject = 07FFBDFC29B81C65000B998E /* Project object */;
}
